// !$*UTF8*$!
{
	archiveVersion = 1;
	classes = {
	};
	objectVersion = 50;
	objects = {

/* Begin PBXBuildFile section */
		046B9F2825563E3700C38F74 /* AppDelegate.swift in Sources */ = {isa = PBXBuildFile; fileRef = 046B9F2725563E3700C38F74 /* AppDelegate.swift */; };
		046B9F2A25563E3700C38F74 /* SceneDelegate.swift in Sources */ = {isa = PBXBuildFile; fileRef = 046B9F2925563E3700C38F74 /* SceneDelegate.swift */; };
		046B9F2C25563E3700C38F74 /* ContentView.swift in Sources */ = {isa = PBXBuildFile; fileRef = 046B9F2B25563E3700C38F74 /* ContentView.swift */; };
		046B9F2F25563E3700C38F74 /* HappyPlaces.xcdatamodeld in Sources */ = {isa = PBXBuildFile; fileRef = 046B9F2D25563E3700C38F74 /* HappyPlaces.xcdatamodeld */; };
		046B9F3125563E3A00C38F74 /* Assets.xcassets in Resources */ = {isa = PBXBuildFile; fileRef = 046B9F3025563E3A00C38F74 /* Assets.xcassets */; };
		046B9F3425563E3A00C38F74 /* Preview Assets.xcassets in Resources */ = {isa = PBXBuildFile; fileRef = 046B9F3325563E3A00C38F74 /* Preview Assets.xcassets */; };
		046B9F3725563E3A00C38F74 /* LaunchScreen.storyboard in Resources */ = {isa = PBXBuildFile; fileRef = 046B9F3525563E3A00C38F74 /* LaunchScreen.storyboard */; };
		046B9F40255640BD00C38F74 /* AddPlaceView.swift in Sources */ = {isa = PBXBuildFile; fileRef = 046B9F3F255640BD00C38F74 /* AddPlaceView.swift */; };
		046B9F442556498700C38F74 /* ImagePicker.swift in Sources */ = {isa = PBXBuildFile; fileRef = 046B9F432556498700C38F74 /* ImagePicker.swift */; };
		046B9F4825564B8F00C38F74 /* PlaceDetail.swift in Sources */ = {isa = PBXBuildFile; fileRef = 046B9F4725564B8F00C38F74 /* PlaceDetail.swift */; };
		04C7BD77255673F5004E42DB /* EditView.swift in Sources */ = {isa = PBXBuildFile; fileRef = 04C7BD76255673F5004E42DB /* EditView.swift */; };
/* End PBXBuildFile section */

/* Begin PBXFileReference section */
		046B9F2425563E3700C38F74 /* HappyPlaces.app */ = {isa = PBXFileReference; explicitFileType = wrapper.application; includeInIndex = 0; path = HappyPlaces.app; sourceTree = BUILT_PRODUCTS_DIR; };
		046B9F2725563E3700C38F74 /* AppDelegate.swift */ = {isa = PBXFileReference; lastKnownFileType = sourcecode.swift; path = AppDelegate.swift; sourceTree = "<group>"; };
		046B9F2925563E3700C38F74 /* SceneDelegate.swift */ = {isa = PBXFileReference; lastKnownFileType = sourcecode.swift; path = SceneDelegate.swift; sourceTree = "<group>"; };
		046B9F2B25563E3700C38F74 /* ContentView.swift */ = {isa = PBXFileReference; lastKnownFileType = sourcecode.swift; path = ContentView.swift; sourceTree = "<group>"; };
		046B9F2E25563E3700C38F74 /* HappyPlaces.xcdatamodel */ = {isa = PBXFileReference; lastKnownFileType = wrapper.xcdatamodel; path = HappyPlaces.xcdatamodel; sourceTree = "<group>"; };
		046B9F3025563E3A00C38F74 /* Assets.xcassets */ = {isa = PBXFileReference; lastKnownFileType = folder.assetcatalog; path = Assets.xcassets; sourceTree = "<group>"; };
		046B9F3325563E3A00C38F74 /* Preview Assets.xcassets */ = {isa = PBXFileReference; lastKnownFileType = folder.assetcatalog; path = "Preview Assets.xcassets"; sourceTree = "<group>"; };
		046B9F3625563E3A00C38F74 /* Base */ = {isa = PBXFileReference; lastKnownFileType = file.storyboard; name = Base; path = Base.lproj/LaunchScreen.storyboard; sourceTree = "<group>"; };
		046B9F3825563E3A00C38F74 /* Info.plist */ = {isa = PBXFileReference; lastKnownFileType = text.plist.xml; path = Info.plist; sourceTree = "<group>"; };
		046B9F3F255640BD00C38F74 /* AddPlaceView.swift */ = {isa = PBXFileReference; lastKnownFileType = sourcecode.swift; path = AddPlaceView.swift; sourceTree = "<group>"; };
		046B9F432556498700C38F74 /* ImagePicker.swift */ = {isa = PBXFileReference; lastKnownFileType = sourcecode.swift; path = ImagePicker.swift; sourceTree = "<group>"; };
		046B9F4725564B8F00C38F74 /* PlaceDetail.swift */ = {isa = PBXFileReference; lastKnownFileType = sourcecode.swift; path = PlaceDetail.swift; sourceTree = "<group>"; };
		04C7BD76255673F5004E42DB /* EditView.swift */ = {isa = PBXFileReference; lastKnownFileType = sourcecode.swift; path = EditView.swift; sourceTree = "<group>"; };
/* End PBXFileReference section */

/* Begin PBXFrameworksBuildPhase section */
		046B9F2125563E3700C38F74 /* Frameworks */ = {
			isa = PBXFrameworksBuildPhase;
			buildActionMask = 2147483647;
			files = (
			);
			runOnlyForDeploymentPostprocessing = 0;
		};
/* End PBXFrameworksBuildPhase section */

/* Begin PBXGroup section */
		046B9F1B25563E3700C38F74 = {
			isa = PBXGroup;
			children = (
				046B9F2625563E3700C38F74 /* HappyPlaces */,
			);
			sourceTree = "<group>";
		};
		046B9F2525563E3700C38F74 /* Products */ = {
			isa = PBXGroup;
			children = (
				046B9F2425563E3700C38F74 /* HappyPlaces.app */,
			);
			name = Products;
			path = ..;
			sourceTree = "<group>";
		};
		046B9F2625563E3700C38F74 /* HappyPlaces */ = {
			isa = PBXGroup;
			children = (
				046B9F2725563E3700C38F74 /* AppDelegate.swift */,
				046B9F2925563E3700C38F74 /* SceneDelegate.swift */,
				04C7BD79255673FC004E42DB /* View */,
				046B9F2525563E3700C38F74 /* Products */,
				046B9F3025563E3A00C38F74 /* Assets.xcassets */,
				046B9F3525563E3A00C38F74 /* LaunchScreen.storyboard */,
				046B9F3825563E3A00C38F74 /* Info.plist */,
				046B9F2D25563E3700C38F74 /* HappyPlaces.xcdatamodeld */,
				046B9F3225563E3A00C38F74 /* Preview Content */,
			);
			path = HappyPlaces;
			sourceTree = "<group>";
		};
		046B9F3225563E3A00C38F74 /* Preview Content */ = {
			isa = PBXGroup;
			children = (
				046B9F3325563E3A00C38F74 /* Preview Assets.xcassets */,
			);
			path = "Preview Content";
			sourceTree = "<group>";
		};
		04C7BD79255673FC004E42DB /* View */ = {
			isa = PBXGroup;
			children = (
				046B9F2B25563E3700C38F74 /* ContentView.swift */,
				046B9F3F255640BD00C38F74 /* AddPlaceView.swift */,
				046B9F4725564B8F00C38F74 /* PlaceDetail.swift */,
				04C7BD76255673F5004E42DB /* EditView.swift */,
				046B9F432556498700C38F74 /* ImagePicker.swift */,
			);
			path = View;
			sourceTree = "<group>";
		};
/* End PBXGroup section */

/* Begin PBXNativeTarget section */
		046B9F2325563E3700C38F74 /* HappyPlaces */ = {
			isa = PBXNativeTarget;
			buildConfigurationList = 046B9F3B25563E3A00C38F74 /* Build configuration list for PBXNativeTarget "HappyPlaces" */;
			buildPhases = (
				046B9F2025563E3700C38F74 /* Sources */,
				046B9F2125563E3700C38F74 /* Frameworks */,
				046B9F2225563E3700C38F74 /* Resources */,
			);
			buildRules = (
			);
			dependencies = (
			);
			name = HappyPlaces;
			productName = HappyPlaces;
			productReference = 046B9F2425563E3700C38F74 /* HappyPlaces.app */;
			productType = "com.apple.product-type.application";
		};
/* End PBXNativeTarget section */

/* Begin PBXProject section */
		046B9F1C25563E3700C38F74 /* Project object */ = {
			isa = PBXProject;
			attributes = {
				LastSwiftUpdateCheck = 1200;
				LastUpgradeCheck = 1200;
				TargetAttributes = {
					046B9F2325563E3700C38F74 = {
						CreatedOnToolsVersion = 12.0.1;
					};
				};
			};
			buildConfigurationList = 046B9F1F25563E3700C38F74 /* Build configuration list for PBXProject "HappyPlaces" */;
			compatibilityVersion = "Xcode 9.3";
			developmentRegion = en;
			hasScannedForEncodings = 0;
			knownRegions = (
				en,
				Base,
			);
			mainGroup = 046B9F1B25563E3700C38F74;
			productRefGroup = 046B9F2525563E3700C38F74 /* Products */;
			projectDirPath = "";
			projectRoot = "";
			targets = (
				046B9F2325563E3700C38F74 /* HappyPlaces */,
			);
		};
/* End PBXProject section */

/* Begin PBXResourcesBuildPhase section */
		046B9F2225563E3700C38F74 /* Resources */ = {
			isa = PBXResourcesBuildPhase;
			buildActionMask = 2147483647;
			files = (
				046B9F3725563E3A00C38F74 /* LaunchScreen.storyboard in Resources */,
				046B9F3425563E3A00C38F74 /* Preview Assets.xcassets in Resources */,
				046B9F3125563E3A00C38F74 /* Assets.xcassets in Resources */,
			);
			runOnlyForDeploymentPostprocessing = 0;
		};
/* End PBXResourcesBuildPhase section */

/* Begin PBXSourcesBuildPhase section */
		046B9F2025563E3700C38F74 /* Sources */ = {
			isa = PBXSourcesBuildPhase;
			buildActionMask = 2147483647;
			files = (
				046B9F2825563E3700C38F74 /* AppDelegate.swift in Sources */,
				046B9F2A25563E3700C38F74 /* SceneDelegate.swift in Sources */,
				04C7BD77255673F5004E42DB /* EditView.swift in Sources */,
				046B9F2F25563E3700C38F74 /* HappyPlaces.xcdatamodeld in Sources */,
				046B9F442556498700C38F74 /* ImagePicker.swift in Sources */,
				046B9F4825564B8F00C38F74 /* PlaceDetail.swift in Sources */,
				046B9F2C25563E3700C38F74 /* ContentView.swift in Sources */,
				046B9F40255640BD00C38F74 /* AddPlaceView.swift in Sources */,
			);
			runOnlyForDeploymentPostprocessing = 0;
		};
/* End PBXSourcesBuildPhase section */

/* Begin PBXVariantGroup section */
		046B9F3525563E3A00C38F74 /* LaunchScreen.storyboard */ = {
			isa = PBXVariantGroup;
			children = (
				046B9F3625563E3A00C38F74 /* Base */,
			);
			name = LaunchScreen.storyboard;
			sourceTree = "<group>";
		};
/* End PBXVariantGroup section */

/* Begin XCBuildConfiguration section */
		046B9F3925563E3A00C38F74 /* Debug */ = {
			isa = XCBuildConfiguration;
			buildSettings = {
				ALWAYS_SEARCH_USER_PATHS = NO;
				CLANG_ANALYZER_NONNULL = YES;
				CLANG_ANALYZER_NUMBER_OBJECT_CONVERSION = YES_AGGRESSIVE;
				CLANG_CXX_LANGUAGE_STANDARD = "gnu++14";
				CLANG_CXX_LIBRARY = "libc++";
				CLANG_ENABLE_MODULES = YES;
				CLANG_ENABLE_OBJC_ARC = YES;
				CLANG_ENABLE_OBJC_WEAK = YES;
				CLANG_WARN_BLOCK_CAPTURE_AUTORELEASING = YES;
				CLANG_WARN_BOOL_CONVERSION = YES;
				CLANG_WARN_COMMA = YES;
				CLANG_WARN_CONSTANT_CONVERSION = YES;
				CLANG_WARN_DEPRECATED_OBJC_IMPLEMENTATIONS = YES;
				CLANG_WARN_DIRECT_OBJC_ISA_USAGE = YES_ERROR;
				CLANG_WARN_DOCUMENTATION_COMMENTS = YES;
				CLANG_WARN_EMPTY_BODY = YES;
				CLANG_WARN_ENUM_CONVERSION = YES;
				CLANG_WARN_INFINITE_RECURSION = YES;
				CLANG_WARN_INT_CONVERSION = YES;
				CLANG_WARN_NON_LITERAL_NULL_CONVERSION = YES;
				CLANG_WARN_OBJC_IMPLICIT_RETAIN_SELF = YES;
				CLANG_WARN_OBJC_LITERAL_CONVERSION = YES;
				CLANG_WARN_OBJC_ROOT_CLASS = YES_ERROR;
				CLANG_WARN_QUOTED_INCLUDE_IN_FRAMEWORK_HEADER = YES;
				CLANG_WARN_RANGE_LOOP_ANALYSIS = YES;
				CLANG_WARN_STRICT_PROTOTYPES = YES;
				CLANG_WARN_SUSPICIOUS_MOVE = YES;
				CLANG_WARN_UNGUARDED_AVAILABILITY = YES_AGGRESSIVE;
				CLANG_WARN_UNREACHABLE_CODE = YES;
				CLANG_WARN__DUPLICATE_METHOD_MATCH = YES;
				COPY_PHASE_STRIP = NO;
				DEBUG_INFORMATION_FORMAT = dwarf;
				ENABLE_STRICT_OBJC_MSGSEND = YES;
				ENABLE_TESTABILITY = YES;
				GCC_C_LANGUAGE_STANDARD = gnu11;
				GCC_DYNAMIC_NO_PIC = NO;
				GCC_NO_COMMON_BLOCKS = YES;
				GCC_OPTIMIZATION_LEVEL = 0;
				GCC_PREPROCESSOR_DEFINITIONS = (
					"DEBUG=1",
					"$(inherited)",
				);
				GCC_WARN_64_TO_32_BIT_CONVERSION = YES;
				GCC_WARN_ABOUT_RETURN_TYPE = YES_ERROR;
				GCC_WARN_UNDECLARED_SELECTOR = YES;
				GCC_WARN_UNINITIALIZED_AUTOS = YES_AGGRESSIVE;
				GCC_WARN_UNUSED_FUNCTION = YES;
				GCC_WARN_UNUSED_VARIABLE = YES;
				IPHONEOS_DEPLOYMENT_TARGET = 14.0;
				MTL_ENABLE_DEBUG_INFO = INCLUDE_SOURCE;
				MTL_FAST_MATH = YES;
				ONLY_ACTIVE_ARCH = YES;
				SDKROOT = iphoneos;
				SWIFT_ACTIVE_COMPILATION_CONDITIONS = DEBUG;
				SWIFT_OPTIMIZATION_LEVEL = "-Onone";
			};
			name = Debug;
		};
		046B9F3A25563E3A00C38F74 /* Release */ = {
			isa = XCBuildConfiguration;
			buildSettings = {
				ALWAYS_SEARCH_USER_PATHS = NO;
				CLANG_ANALYZER_NONNULL = YES;
				CLANG_ANALYZER_NUMBER_OBJECT_CONVERSION = YES_AGGRESSIVE;
				CLANG_CXX_LANGUAGE_STANDARD = "gnu++14";
				CLANG_CXX_LIBRARY = "libc++";
				CLANG_ENABLE_MODULES = YES;
				CLANG_ENABLE_OBJC_ARC = YES;
				CLANG_ENABLE_OBJC_WEAK = YES;
				CLANG_WARN_BLOCK_CAPTURE_AUTORELEASING = YES;
				CLANG_WARN_BOOL_CONVERSION = YES;
				CLANG_WARN_COMMA = YES;
				CLANG_WARN_CONSTANT_CONVERSION = YES;
				CLANG_WARN_DEPRECATED_OBJC_IMPLEMENTATIONS = YES;
				CLANG_WARN_DIRECT_OBJC_ISA_USAGE = YES_ERROR;
				CLANG_WARN_DOCUMENTATION_COMMENTS = YES;
				CLANG_WARN_EMPTY_BODY = YES;
				CLANG_WARN_ENUM_CONVERSION = YES;
				CLANG_WARN_INFINITE_RECURSION = YES;
				CLANG_WARN_INT_CONVERSION = YES;
				CLANG_WARN_NON_LITERAL_NULL_CONVERSION = YES;
				CLANG_WARN_OBJC_IMPLICIT_RETAIN_SELF = YES;
				CLANG_WARN_OBJC_LITERAL_CONVERSION = YES;
				CLANG_WARN_OBJC_ROOT_CLASS = YES_ERROR;
				CLANG_WARN_QUOTED_INCLUDE_IN_FRAMEWORK_HEADER = YES;
				CLANG_WARN_RANGE_LOOP_ANALYSIS = YES;
				CLANG_WARN_STRICT_PROTOTYPES = YES;
				CLANG_WARN_SUSPICIOUS_MOVE = YES;
				CLANG_WARN_UNGUARDED_AVAILABILITY = YES_AGGRESSIVE;
				CLANG_WARN_UNREACHABLE_CODE = YES;
				CLANG_WARN__DUPLICATE_METHOD_MATCH = YES;
				COPY_PHASE_STRIP = NO;
				DEBUG_INFORMATION_FORMAT = "dwarf-with-dsym";
				ENABLE_NS_ASSERTIONS = NO;
				ENABLE_STRICT_OBJC_MSGSEND = YES;
				GCC_C_LANGUAGE_STANDARD = gnu11;
				GCC_NO_COMMON_BLOCKS = YES;
				GCC_WARN_64_TO_32_BIT_CONVERSION = YES;
				GCC_WARN_ABOUT_RETURN_TYPE = YES_ERROR;
				GCC_WARN_UNDECLARED_SELECTOR = YES;
				GCC_WARN_UNINITIALIZED_AUTOS = YES_AGGRESSIVE;
				GCC_WARN_UNUSED_FUNCTION = YES;
				GCC_WARN_UNUSED_VARIABLE = YES;
				IPHONEOS_DEPLOYMENT_TARGET = 14.0;
				MTL_ENABLE_DEBUG_INFO = NO;
				MTL_FAST_MATH = YES;
				SDKROOT = iphoneos;
				SWIFT_COMPILATION_MODE = wholemodule;
				SWIFT_OPTIMIZATION_LEVEL = "-O";
				VALIDATE_PRODUCT = YES;
			};
			name = Release;
		};
		046B9F3C25563E3A00C38F74 /* Debug */ = {
			isa = XCBuildConfiguration;
			buildSettings = {
				ASSETCATALOG_COMPILER_APPICON_NAME = AppIcon;
				ASSETCATALOG_COMPILER_GLOBAL_ACCENT_COLOR_NAME = AccentColor;
				CODE_SIGN_STYLE = Automatic;
				DEVELOPMENT_ASSET_PATHS = "\"HappyPlaces/Preview Content\"";
				DEVELOPMENT_TEAM = SWR83G7DDM;
				ENABLE_PREVIEWS = YES;
				INFOPLIST_FILE = HappyPlaces/Info.plist;
				LD_RUNPATH_SEARCH_PATHS = (
					"$(inherited)",
					"@executable_path/Frameworks",
				);
				PRODUCT_BUNDLE_IDENTIFIER = com.addindev.HappyPlaces;
				PRODUCT_NAME = "$(TARGET_NAME)";
				SWIFT_VERSION = 5.0;
				TARGETED_DEVICE_FAMILY = "1,2";
			};
			name = Debug;
		};
		046B9F3D25563E3A00C38F74 /* Release */ = {
			isa = XCBuildConfiguration;
			buildSettings = {
				ASSETCATALOG_COMPILER_APPICON_NAME = AppIcon;
				ASSETCATALOG_COMPILER_GLOBAL_ACCENT_COLOR_NAME = AccentColor;
				CODE_SIGN_STYLE = Automatic;
				DEVELOPMENT_ASSET_PATHS = "\"HappyPlaces/Preview Content\"";
				DEVELOPMENT_TEAM = SWR83G7DDM;
				ENABLE_PREVIEWS = YES;
				INFOPLIST_FILE = HappyPlaces/Info.plist;
				LD_RUNPATH_SEARCH_PATHS = (
					"$(inherited)",
					"@executable_path/Frameworks",
				);
				PRODUCT_BUNDLE_IDENTIFIER = com.addindev.HappyPlaces;
				PRODUCT_NAME = "$(TARGET_NAME)";
				SWIFT_VERSION = 5.0;
				TARGETED_DEVICE_FAMILY = "1,2";
			};
			name = Release;
		};
/* End XCBuildConfiguration section */

/* Begin XCConfigurationList section */
		046B9F1F25563E3700C38F74 /* Build configuration list for PBXProject "HappyPlaces" */ = {
			isa = XCConfigurationList;
			buildConfigurations = (
				046B9F3925563E3A00C38F74 /* Debug */,
				046B9F3A25563E3A00C38F74 /* Release */,
			);
			defaultConfigurationIsVisible = 0;
			defaultConfigurationName = Release;
		};
		046B9F3B25563E3A00C38F74 /* Build configuration list for PBXNativeTarget "HappyPlaces" */ = {
			isa = XCConfigurationList;
			buildConfigurations = (
				046B9F3C25563E3A00C38F74 /* Debug */,
				046B9F3D25563E3A00C38F74 /* Release */,
			);
			defaultConfigurationIsVisible = 0;
			defaultConfigurationName = Release;
		};
/* End XCConfigurationList section */

/* Begin XCVersionGroup section */
		046B9F2D25563E3700C38F74 /* HappyPlaces.xcdatamodeld */ = {
			isa = XCVersionGroup;
			children = (
				046B9F2E25563E3700C38F74 /* HappyPlaces.xcdatamodel */,
			);
			currentVersion = 046B9F2E25563E3700C38F74 /* HappyPlaces.xcdatamodel */;
			path = HappyPlaces.xcdatamodeld;
			sourceTree = "<group>";
			versionGroupType = wrapper.xcdatamodel;
		};
/* End XCVersionGroup section */
	};
	rootObject = 046B9F1C25563E3700C38F74 /* Project object */;
}
